// !$*UTF8*$!
{
	archiveVersion = 1;
	classes = {
	};
	objectVersion = 55;
	objects = {

/* Begin PBXBuildFile section */
		B6038EAB28132B890030B0DA /* Assets.xcassets in Resources */ = {isa = PBXBuildFile; fileRef = B6038EAA28132B890030B0DA /* Assets.xcassets */; };
		B6038EAE28132C370030B0DA /* ModalType.swift in Sources */ = {isa = PBXBuildFile; fileRef = B6038EAD28132C370030B0DA /* ModalType.swift */; };
		B6038EB028132D890030B0DA /* AddUpdateIdea.swift in Sources */ = {isa = PBXBuildFile; fileRef = B6038EAF28132D890030B0DA /* AddUpdateIdea.swift */; };
		B6038EB228132E5B0030B0DA /* AddUpdateIdeaViewModel.swift in Sources */ = {isa = PBXBuildFile; fileRef = B6038EB128132E5B0030B0DA /* AddUpdateIdeaViewModel.swift */; };
		B69E60742812E27700F0451F /* HttpClient.swift in Sources */ = {isa = PBXBuildFile; fileRef = B69E60732812E27600F0451F /* HttpClient.swift */; };
		B69E60762812E41200F0451F /* Constants.swift in Sources */ = {isa = PBXBuildFile; fileRef = B69E60752812E41200F0451F /* Constants.swift */; };
		B6F3CBA12812D34900A94D1D /* HalogenApp.swift in Sources */ = {isa = PBXBuildFile; fileRef = B6F3CBA02812D34900A94D1D /* HalogenApp.swift */; };
		B6F3CBA32812D34900A94D1D /* IdeaList.swift in Sources */ = {isa = PBXBuildFile; fileRef = B6F3CBA22812D34900A94D1D /* IdeaList.swift */; };
		B6F3CBA82812D34B00A94D1D /* Preview Assets.xcassets in Resources */ = {isa = PBXBuildFile; fileRef = B6F3CBA72812D34B00A94D1D /* Preview Assets.xcassets */; };
		B6F3CBB42812D58700A94D1D /* Idea.swift in Sources */ = {isa = PBXBuildFile; fileRef = B6F3CBB32812D58700A94D1D /* Idea.swift */; };
		B6F3CBB62812D5E800A94D1D /* IdeaListViewModel.swift in Sources */ = {isa = PBXBuildFile; fileRef = B6F3CBB52812D5E800A94D1D /* IdeaListViewModel.swift */; };
/* End PBXBuildFile section */

/* Begin PBXFileReference section */
		B6038EAA28132B890030B0DA /* Assets.xcassets */ = {isa = PBXFileReference; lastKnownFileType = folder.assetcatalog; path = Assets.xcassets; sourceTree = "<group>"; };
		B6038EAC28132B930030B0DA /* Halogen.entitlements */ = {isa = PBXFileReference; lastKnownFileType = text.plist.entitlements; path = Halogen.entitlements; sourceTree = "<group>"; };
		B6038EAD28132C370030B0DA /* ModalType.swift */ = {isa = PBXFileReference; lastKnownFileType = sourcecode.swift; path = ModalType.swift; sourceTree = "<group>"; };
		B6038EAF28132D890030B0DA /* AddUpdateIdea.swift */ = {isa = PBXFileReference; lastKnownFileType = sourcecode.swift; path = AddUpdateIdea.swift; sourceTree = "<group>"; };
		B6038EB128132E5B0030B0DA /* AddUpdateIdeaViewModel.swift */ = {isa = PBXFileReference; lastKnownFileType = sourcecode.swift; path = AddUpdateIdeaViewModel.swift; sourceTree = "<group>"; };
		B69E60732812E27600F0451F /* HttpClient.swift */ = {isa = PBXFileReference; lastKnownFileType = sourcecode.swift; path = HttpClient.swift; sourceTree = "<group>"; };
		B69E60752812E41200F0451F /* Constants.swift */ = {isa = PBXFileReference; lastKnownFileType = sourcecode.swift; path = Constants.swift; sourceTree = "<group>"; };
		B6F3CB9D2812D34900A94D1D /* Halogen.app */ = {isa = PBXFileReference; explicitFileType = wrapper.application; includeInIndex = 0; path = Halogen.app; sourceTree = BUILT_PRODUCTS_DIR; };
		B6F3CBA02812D34900A94D1D /* HalogenApp.swift */ = {isa = PBXFileReference; lastKnownFileType = sourcecode.swift; path = HalogenApp.swift; sourceTree = "<group>"; };
		B6F3CBA22812D34900A94D1D /* IdeaList.swift */ = {isa = PBXFileReference; lastKnownFileType = sourcecode.swift; path = IdeaList.swift; sourceTree = "<group>"; };
		B6F3CBA72812D34B00A94D1D /* Preview Assets.xcassets */ = {isa = PBXFileReference; lastKnownFileType = folder.assetcatalog; path = "Preview Assets.xcassets"; sourceTree = "<group>"; };
		B6F3CBB32812D58700A94D1D /* Idea.swift */ = {isa = PBXFileReference; lastKnownFileType = sourcecode.swift; path = Idea.swift; sourceTree = "<group>"; };
		B6F3CBB52812D5E800A94D1D /* IdeaListViewModel.swift */ = {isa = PBXFileReference; lastKnownFileType = sourcecode.swift; path = IdeaListViewModel.swift; sourceTree = "<group>"; };
/* End PBXFileReference section */

/* Begin PBXFrameworksBuildPhase section */
		B6F3CB9A2812D34900A94D1D /* Frameworks */ = {
			isa = PBXFrameworksBuildPhase;
			buildActionMask = 2147483647;
			files = (
			);
			runOnlyForDeploymentPostprocessing = 0;
		};
/* End PBXFrameworksBuildPhase section */

/* Begin PBXGroup section */
		B6F3CB942812D34900A94D1D = {
			isa = PBXGroup;
			children = (
				B6F3CB9F2812D34900A94D1D /* Halogen */,
				B6F3CB9E2812D34900A94D1D /* Products */,
			);
			sourceTree = "<group>";
		};
		B6F3CB9E2812D34900A94D1D /* Products */ = {
			isa = PBXGroup;
			children = (
				B6F3CB9D2812D34900A94D1D /* Halogen.app */,
			);
			name = Products;
			sourceTree = "<group>";
		};
		B6F3CB9F2812D34900A94D1D /* Halogen */ = {
			isa = PBXGroup;
			children = (
				B6038EAC28132B930030B0DA /* Halogen.entitlements */,
				B6F3CBB02812D4FB00A94D1D /* Models */,
				B6F3CBB12812D50000A94D1D /* Views */,
				B6F3CBAF2812D4E800A94D1D /* View Models */,
				B6F3CBB22812D51300A94D1D /* Utilities */,
				B6F3CBA02812D34900A94D1D /* HalogenApp.swift */,
				B6038EAA28132B890030B0DA /* Assets.xcassets */,
				B6F3CBA62812D34B00A94D1D /* Preview Content */,
			);
			path = Halogen;
			sourceTree = "<group>";
		};
		B6F3CBA62812D34B00A94D1D /* Preview Content */ = {
			isa = PBXGroup;
			children = (
				B6F3CBA72812D34B00A94D1D /* Preview Assets.xcassets */,
			);
			path = "Preview Content";
			sourceTree = "<group>";
		};
		B6F3CBAF2812D4E800A94D1D /* View Models */ = {
			isa = PBXGroup;
			children = (
				B6F3CBB52812D5E800A94D1D /* IdeaListViewModel.swift */,
				B6038EB128132E5B0030B0DA /* AddUpdateIdeaViewModel.swift */,
			);
			path = "View Models";
			sourceTree = "<group>";
		};
		B6F3CBB02812D4FB00A94D1D /* Models */ = {
			isa = PBXGroup;
			children = (
				B6F3CBB32812D58700A94D1D /* Idea.swift */,
			);
			path = Models;
			sourceTree = "<group>";
		};
		B6F3CBB12812D50000A94D1D /* Views */ = {
			isa = PBXGroup;
			children = (
				B6F3CBA22812D34900A94D1D /* IdeaList.swift */,
				B6038EAF28132D890030B0DA /* AddUpdateIdea.swift */,
			);
			path = Views;
			sourceTree = "<group>";
		};
		B6F3CBB22812D51300A94D1D /* Utilities */ = {
			isa = PBXGroup;
			children = (
				B69E60732812E27600F0451F /* HttpClient.swift */,
				B69E60752812E41200F0451F /* Constants.swift */,
				B6038EAD28132C370030B0DA /* ModalType.swift */,
			);
			path = Utilities;
			sourceTree = "<group>";
		};
/* End PBXGroup section */

/* Begin PBXNativeTarget section */
		B6F3CB9C2812D34900A94D1D /* Halogen */ = {
			isa = PBXNativeTarget;
			buildConfigurationList = B6F3CBAC2812D34B00A94D1D /* Build configuration list for PBXNativeTarget "Halogen" */;
			buildPhases = (
				B6F3CB992812D34900A94D1D /* Sources */,
				B6F3CB9A2812D34900A94D1D /* Frameworks */,
				B6F3CB9B2812D34900A94D1D /* Resources */,
			);
			buildRules = (
			);
			dependencies = (
			);
			name = Halogen;
			productName = Halogen;
			productReference = B6F3CB9D2812D34900A94D1D /* Halogen.app */;
			productType = "com.apple.product-type.application";
		};
/* End PBXNativeTarget section */

/* Begin PBXProject section */
		B6F3CB952812D34900A94D1D /* Project object */ = {
			isa = PBXProject;
			attributes = {
				BuildIndependentTargetsInParallel = 1;
				LastSwiftUpdateCheck = 1330;
				LastUpgradeCheck = 1330;
				TargetAttributes = {
					B6F3CB9C2812D34900A94D1D = {
						CreatedOnToolsVersion = 13.3.1;
					};
				};
			};
			buildConfigurationList = B6F3CB982812D34900A94D1D /* Build configuration list for PBXProject "Halogen" */;
			compatibilityVersion = "Xcode 13.0";
			developmentRegion = en;
			hasScannedForEncodings = 0;
			knownRegions = (
				en,
				Base,
			);
			mainGroup = B6F3CB942812D34900A94D1D;
			productRefGroup = B6F3CB9E2812D34900A94D1D /* Products */;
			projectDirPath = "";
			projectRoot = "";
			targets = (
				B6F3CB9C2812D34900A94D1D /* Halogen */,
			);
		};
/* End PBXProject section */

/* Begin PBXResourcesBuildPhase section */
		B6F3CB9B2812D34900A94D1D /* Resources */ = {
			isa = PBXResourcesBuildPhase;
			buildActionMask = 2147483647;
			files = (
				B6038EAB28132B890030B0DA /* Assets.xcassets in Resources */,
				B6F3CBA82812D34B00A94D1D /* Preview Assets.xcassets in Resources */,
			);
			runOnlyForDeploymentPostprocessing = 0;
		};
/* End PBXResourcesBuildPhase section */

/* Begin PBXSourcesBuildPhase section */
		B6F3CB992812D34900A94D1D /* Sources */ = {
			isa = PBXSourcesBuildPhase;
			buildActionMask = 2147483647;
			files = (
				B69E60742812E27700F0451F /* HttpClient.swift in Sources */,
				B6038EAE28132C370030B0DA /* ModalType.swift in Sources */,
				B6F3CBA32812D34900A94D1D /* IdeaList.swift in Sources */,
				B6F3CBB62812D5E800A94D1D /* IdeaListViewModel.swift in Sources */,
				B6038EB228132E5B0030B0DA /* AddUpdateIdeaViewModel.swift in Sources */,
				B6F3CBA12812D34900A94D1D /* HalogenApp.swift in Sources */,
				B6038EB028132D890030B0DA /* AddUpdateIdea.swift in Sources */,
				B6F3CBB42812D58700A94D1D /* Idea.swift in Sources */,
				B69E60762812E41200F0451F /* Constants.swift in Sources */,
			);
			runOnlyForDeploymentPostprocessing = 0;
		};
/* End PBXSourcesBuildPhase section */

/* Begin XCBuildConfiguration section */
		B6F3CBAA2812D34B00A94D1D /* Debug */ = {
			isa = XCBuildConfiguration;
			buildSettings = {
				ALWAYS_SEARCH_USER_PATHS = NO;
				CLANG_ANALYZER_NONNULL = YES;
				CLANG_ANALYZER_NUMBER_OBJECT_CONVERSION = YES_AGGRESSIVE;
				CLANG_CXX_LANGUAGE_STANDARD = "gnu++17";
				CLANG_ENABLE_MODULES = YES;
				CLANG_ENABLE_OBJC_ARC = YES;
				CLANG_ENABLE_OBJC_WEAK = YES;
				CLANG_WARN_BLOCK_CAPTURE_AUTORELEASING = YES;
				CLANG_WARN_BOOL_CONVERSION = YES;
				CLANG_WARN_COMMA = YES;
				CLANG_WARN_CONSTANT_CONVERSION = YES;
				CLANG_WARN_DEPRECATED_OBJC_IMPLEMENTATIONS = YES;
				CLANG_WARN_DIRECT_OBJC_ISA_USAGE = YES_ERROR;
				CLANG_WARN_DOCUMENTATION_COMMENTS = YES;
				CLANG_WARN_EMPTY_BODY = YES;
				CLANG_WARN_ENUM_CONVERSION = YES;
				CLANG_WARN_INFINITE_RECURSION = YES;
				CLANG_WARN_INT_CONVERSION = YES;
				CLANG_WARN_NON_LITERAL_NULL_CONVERSION = YES;
				CLANG_WARN_OBJC_IMPLICIT_RETAIN_SELF = YES;
				CLANG_WARN_OBJC_LITERAL_CONVERSION = YES;
				CLANG_WARN_OBJC_ROOT_CLASS = YES_ERROR;
				CLANG_WARN_QUOTED_INCLUDE_IN_FRAMEWORK_HEADER = YES;
				CLANG_WARN_RANGE_LOOP_ANALYSIS = YES;
				CLANG_WARN_STRICT_PROTOTYPES = YES;
				CLANG_WARN_SUSPICIOUS_MOVE = YES;
				CLANG_WARN_UNGUARDED_AVAILABILITY = YES_AGGRESSIVE;
				CLANG_WARN_UNREACHABLE_CODE = YES;
				CLANG_WARN__DUPLICATE_METHOD_MATCH = YES;
				COPY_PHASE_STRIP = NO;
				DEBUG_INFORMATION_FORMAT = dwarf;
				ENABLE_STRICT_OBJC_MSGSEND = YES;
				ENABLE_TESTABILITY = YES;
				GCC_C_LANGUAGE_STANDARD = gnu11;
				GCC_DYNAMIC_NO_PIC = NO;
				GCC_NO_COMMON_BLOCKS = YES;
				GCC_OPTIMIZATION_LEVEL = 0;
				GCC_PREPROCESSOR_DEFINITIONS = (
					"DEBUG=1",
					"$(inherited)",
				);
				GCC_WARN_64_TO_32_BIT_CONVERSION = YES;
				GCC_WARN_ABOUT_RETURN_TYPE = YES_ERROR;
				GCC_WARN_UNDECLARED_SELECTOR = YES;
				GCC_WARN_UNINITIALIZED_AUTOS = YES_AGGRESSIVE;
				GCC_WARN_UNUSED_FUNCTION = YES;
				GCC_WARN_UNUSED_VARIABLE = YES;
				IPHONEOS_DEPLOYMENT_TARGET = 15.0;
				MACOSX_DEPLOYMENT_TARGET = 12.3;
				MTL_ENABLE_DEBUG_INFO = INCLUDE_SOURCE;
				MTL_FAST_MATH = YES;
				ONLY_ACTIVE_ARCH = YES;
				SDKROOT = iphoneos;
				SWIFT_ACTIVE_COMPILATION_CONDITIONS = DEBUG;
				SWIFT_OPTIMIZATION_LEVEL = "-Onone";
			};
			name = Debug;
		};
		B6F3CBAB2812D34B00A94D1D /* Release */ = {
			isa = XCBuildConfiguration;
			buildSettings = {
				ALWAYS_SEARCH_USER_PATHS = NO;
				CLANG_ANALYZER_NONNULL = YES;
				CLANG_ANALYZER_NUMBER_OBJECT_CONVERSION = YES_AGGRESSIVE;
				CLANG_CXX_LANGUAGE_STANDARD = "gnu++17";
				CLANG_ENABLE_MODULES = YES;
				CLANG_ENABLE_OBJC_ARC = YES;
				CLANG_ENABLE_OBJC_WEAK = YES;
				CLANG_WARN_BLOCK_CAPTURE_AUTORELEASING = YES;
				CLANG_WARN_BOOL_CONVERSION = YES;
				CLANG_WARN_COMMA = YES;
				CLANG_WARN_CONSTANT_CONVERSION = YES;
				CLANG_WARN_DEPRECATED_OBJC_IMPLEMENTATIONS = YES;
				CLANG_WARN_DIRECT_OBJC_ISA_USAGE = YES_ERROR;
				CLANG_WARN_DOCUMENTATION_COMMENTS = YES;
				CLANG_WARN_EMPTY_BODY = YES;
				CLANG_WARN_ENUM_CONVERSION = YES;
				CLANG_WARN_INFINITE_RECURSION = YES;
				CLANG_WARN_INT_CONVERSION = YES;
				CLANG_WARN_NON_LITERAL_NULL_CONVERSION = YES;
				CLANG_WARN_OBJC_IMPLICIT_RETAIN_SELF = YES;
				CLANG_WARN_OBJC_LITERAL_CONVERSION = YES;
				CLANG_WARN_OBJC_ROOT_CLASS = YES_ERROR;
				CLANG_WARN_QUOTED_INCLUDE_IN_FRAMEWORK_HEADER = YES;
				CLANG_WARN_RANGE_LOOP_ANALYSIS = YES;
				CLANG_WARN_STRICT_PROTOTYPES = YES;
				CLANG_WARN_SUSPICIOUS_MOVE = YES;
				CLANG_WARN_UNGUARDED_AVAILABILITY = YES_AGGRESSIVE;
				CLANG_WARN_UNREACHABLE_CODE = YES;
				CLANG_WARN__DUPLICATE_METHOD_MATCH = YES;
				COPY_PHASE_STRIP = NO;
				DEBUG_INFORMATION_FORMAT = "dwarf-with-dsym";
				ENABLE_NS_ASSERTIONS = NO;
				ENABLE_STRICT_OBJC_MSGSEND = YES;
				GCC_C_LANGUAGE_STANDARD = gnu11;
				GCC_NO_COMMON_BLOCKS = YES;
				GCC_WARN_64_TO_32_BIT_CONVERSION = YES;
				GCC_WARN_ABOUT_RETURN_TYPE = YES_ERROR;
				GCC_WARN_UNDECLARED_SELECTOR = YES;
				GCC_WARN_UNINITIALIZED_AUTOS = YES_AGGRESSIVE;
				GCC_WARN_UNUSED_FUNCTION = YES;
				GCC_WARN_UNUSED_VARIABLE = YES;
				IPHONEOS_DEPLOYMENT_TARGET = 15.0;
				MACOSX_DEPLOYMENT_TARGET = 12.3;
				MTL_ENABLE_DEBUG_INFO = NO;
				MTL_FAST_MATH = YES;
				SDKROOT = iphoneos;
				SWIFT_COMPILATION_MODE = wholemodule;
				SWIFT_OPTIMIZATION_LEVEL = "-O";
			};
			name = Release;
		};
		B6F3CBAD2812D34B00A94D1D /* Debug */ = {
			isa = XCBuildConfiguration;
			buildSettings = {
				ASSETCATALOG_COMPILER_APPICON_NAME = AppIcon;
				ASSETCATALOG_COMPILER_GLOBAL_ACCENT_COLOR_NAME = AccentColor;
				CODE_SIGN_ENTITLEMENTS = Halogen/Halogen.entitlements;
				CODE_SIGN_STYLE = Automatic;
				COMBINE_HIDPI_IMAGES = YES;
				CURRENT_PROJECT_VERSION = 1;
				DEVELOPMENT_ASSET_PATHS = "\"Halogen/Preview Content\"";
				DEVELOPMENT_TEAM = MF7L8LV6W3;
				ENABLE_HARDENED_RUNTIME = YES;
				ENABLE_PREVIEWS = YES;
				GENERATE_INFOPLIST_FILE = YES;
				INFOPLIST_FILE = Halogen/Info.plist;
				INFOPLIST_KEY_NSHumanReadableCopyright = "";
				INFOPLIST_KEY_UILaunchStoryboardName = nofile;
				INFOPLIST_KEY_UISupportedInterfaceOrientations = "";
				IPHONEOS_DEPLOYMENT_TARGET = 15.0;
				LD_RUNPATH_SEARCH_PATHS = (
					"$(inherited)",
					"@executable_path/../Frameworks",
				);
				MACOSX_DEPLOYMENT_TARGET = 12.3;
				MARKETING_VERSION = 1.0;
				PRODUCT_BUNDLE_IDENTIFIER = com.edel.Halogen;
				PRODUCT_NAME = "$(TARGET_NAME)";
				SWIFT_EMIT_LOC_STRINGS = YES;
				SWIFT_VERSION = 5.0;
				TARGETED_DEVICE_FAMILY = "1,2";
			};
			name = Debug;
		};
		B6F3CBAE2812D34B00A94D1D /* Release */ = {
			isa = XCBuildConfiguration;
			buildSettings = {
				ASSETCATALOG_COMPILER_APPICON_NAME = AppIcon;
				ASSETCATALOG_COMPILER_GLOBAL_ACCENT_COLOR_NAME = AccentColor;
				CODE_SIGN_ENTITLEMENTS = Halogen/Halogen.entitlements;
				CODE_SIGN_STYLE = Automatic;
				COMBINE_HIDPI_IMAGES = YES;
				CURRENT_PROJECT_VERSION = 1;
				DEVELOPMENT_ASSET_PATHS = "\"Halogen/Preview Content\"";
				DEVELOPMENT_TEAM = MF7L8LV6W3;
				ENABLE_HARDENED_RUNTIME = YES;
				ENABLE_PREVIEWS = YES;
				GENERATE_INFOPLIST_FILE = YES;
				INFOPLIST_FILE = Halogen/Info.plist;
				INFOPLIST_KEY_NSHumanReadableCopyright = "";
				INFOPLIST_KEY_UILaunchStoryboardName = nofile;
				INFOPLIST_KEY_UISupportedInterfaceOrientations = "";
				IPHONEOS_DEPLOYMENT_TARGET = 15.0;
				LD_RUNPATH_SEARCH_PATHS = (
					"$(inherited)",
					"@executable_path/../Frameworks",
				);
				MACOSX_DEPLOYMENT_TARGET = 12.3;
				MARKETING_VERSION = 1.0;
				PRODUCT_BUNDLE_IDENTIFIER = com.edel.Halogen;
				PRODUCT_NAME = "$(TARGET_NAME)";
				SWIFT_EMIT_LOC_STRINGS = YES;
				SWIFT_VERSION = 5.0;
				TARGETED_DEVICE_FAMILY = "1,2";
			};
			name = Release;
		};
/* End XCBuildConfiguration section */

/* Begin XCConfigurationList section */
		B6F3CB982812D34900A94D1D /* Build configuration list for PBXProject "Halogen" */ = {
			isa = XCConfigurationList;
			buildConfigurations = (
				B6F3CBAA2812D34B00A94D1D /* Debug */,
				B6F3CBAB2812D34B00A94D1D /* Release */,
			);
			defaultConfigurationIsVisible = 0;
			defaultConfigurationName = Release;
		};
		B6F3CBAC2812D34B00A94D1D /* Build configuration list for PBXNativeTarget "Halogen" */ = {
			isa = XCConfigurationList;
			buildConfigurations = (
				B6F3CBAD2812D34B00A94D1D /* Debug */,
				B6F3CBAE2812D34B00A94D1D /* Release */,
			);
			defaultConfigurationIsVisible = 0;
			defaultConfigurationName = Release;
		};
/* End XCConfigurationList section */
	};
	rootObject = B6F3CB952812D34900A94D1D /* Project object */;
}
